// !$*UTF8*$!
{
	archiveVersion = 1;
	classes = {
	};
	objectVersion = 77;
	objects = {

/* Begin PBXContainerItemProxy section */
		FA8741232DBB2EA100CBE668 /* PBXContainerItemProxy */ = {
			isa = PBXContainerItemProxy;
			containerPortal = FA87410A2DBB2E9E00CBE668 /* Project object */;
			proxyType = 1;
			remoteGlobalIDString = FA8741112DBB2E9E00CBE668;
			remoteInfo = Teddyfy_Shop;
		};
		FA87412D2DBB2EA100CBE668 /* PBXContainerItemProxy */ = {
			isa = PBXContainerItemProxy;
			containerPortal = FA87410A2DBB2E9E00CBE668 /* Project object */;
			proxyType = 1;
			remoteGlobalIDString = FA8741112DBB2E9E00CBE668;
			remoteInfo = Teddyfy_Shop;
		};
/* End PBXContainerItemProxy section */

/* Begin PBXFileReference section */
		FA8741122DBB2E9E00CBE668 /* Teddyfy_Shop.app */ = {isa = PBXFileReference; explicitFileType = wrapper.application; includeInIndex = 0; path = Teddyfy_Shop.app; sourceTree = BUILT_PRODUCTS_DIR; };
		FA8741222DBB2EA100CBE668 /* Teddyfy_ShopTests.xctest */ = {isa = PBXFileReference; explicitFileType = wrapper.cfbundle; includeInIndex = 0; path = Teddyfy_ShopTests.xctest; sourceTree = BUILT_PRODUCTS_DIR; };
		FA87412C2DBB2EA100CBE668 /* Teddyfy_ShopUITests.xctest */ = {isa = PBXFileReference; explicitFileType = wrapper.cfbundle; includeInIndex = 0; path = Teddyfy_ShopUITests.xctest; sourceTree = BUILT_PRODUCTS_DIR; };
/* End PBXFileReference section */

/* Begin PBXFileSystemSynchronizedRootGroup section */
		FA8741142DBB2E9E00CBE668 /* Teddyfy_Shop */ = {
			isa = PBXFileSystemSynchronizedRootGroup;
			path = Teddyfy_Shop;
			sourceTree = "<group>";
		};
		FA8741252DBB2EA100CBE668 /* Teddyfy_ShopTests */ = {
			isa = PBXFileSystemSynchronizedRootGroup;
			path = Teddyfy_ShopTests;
			sourceTree = "<group>";
		};
		FA87412F2DBB2EA100CBE668 /* Teddyfy_ShopUITests */ = {
			isa = PBXFileSystemSynchronizedRootGroup;
			path = Teddyfy_ShopUITests;
			sourceTree = "<group>";
		};
/* End PBXFileSystemSynchronizedRootGroup section */

/* Begin PBXFrameworksBuildPhase section */
		FA87410F2DBB2E9E00CBE668 /* Frameworks */ = {
			isa = PBXFrameworksBuildPhase;
			buildActionMask = 2147483647;
			files = (
			);
			runOnlyForDeploymentPostprocessing = 0;
		};
		FA87411F2DBB2EA100CBE668 /* Frameworks */ = {
			isa = PBXFrameworksBuildPhase;
			buildActionMask = 2147483647;
			files = (
			);
			runOnlyForDeploymentPostprocessing = 0;
		};
		FA8741292DBB2EA100CBE668 /* Frameworks */ = {
			isa = PBXFrameworksBuildPhase;
			buildActionMask = 2147483647;
			files = (
			);
			runOnlyForDeploymentPostprocessing = 0;
		};
/* End PBXFrameworksBuildPhase section */

/* Begin PBXGroup section */
		FA8741092DBB2E9E00CBE668 = {
			isa = PBXGroup;
			children = (
				FA8741142DBB2E9E00CBE668 /* Teddyfy_Shop */,
				FA8741252DBB2EA100CBE668 /* Teddyfy_ShopTests */,
				FA87412F2DBB2EA100CBE668 /* Teddyfy_ShopUITests */,
				FA8741132DBB2E9E00CBE668 /* Products */,
			);
			sourceTree = "<group>";
		};
		FA8741132DBB2E9E00CBE668 /* Products */ = {
			isa = PBXGroup;
			children = (
				FA8741122DBB2E9E00CBE668 /* Teddyfy_Shop.app */,
				FA8741222DBB2EA100CBE668 /* Teddyfy_ShopTests.xctest */,
				FA87412C2DBB2EA100CBE668 /* Teddyfy_ShopUITests.xctest */,
			);
			name = Products;
			sourceTree = "<group>";
		};
/* End PBXGroup section */

/* Begin PBXNativeTarget section */
		FA8741112DBB2E9E00CBE668 /* Teddyfy_Shop */ = {
			isa = PBXNativeTarget;
			buildConfigurationList = FA8741362DBB2EA100CBE668 /* Build configuration list for PBXNativeTarget "Teddyfy_Shop" */;
			buildPhases = (
				FA87410E2DBB2E9E00CBE668 /* Sources */,
				FA87410F2DBB2E9E00CBE668 /* Frameworks */,
				FA8741102DBB2E9E00CBE668 /* Resources */,
			);
			buildRules = (
			);
			dependencies = (
			);
			fileSystemSynchronizedGroups = (
				FA8741142DBB2E9E00CBE668 /* Teddyfy_Shop */,
			);
			name = Teddyfy_Shop;
			packageProductDependencies = (
			);
			productName = Teddyfy_Shop;
			productReference = FA8741122DBB2E9E00CBE668 /* Teddyfy_Shop.app */;
			productType = "com.apple.product-type.application";
		};
		FA8741212DBB2EA100CBE668 /* Teddyfy_ShopTests */ = {
			isa = PBXNativeTarget;
			buildConfigurationList = FA8741392DBB2EA100CBE668 /* Build configuration list for PBXNativeTarget "Teddyfy_ShopTests" */;
			buildPhases = (
				FA87411E2DBB2EA100CBE668 /* Sources */,
				FA87411F2DBB2EA100CBE668 /* Frameworks */,
				FA8741202DBB2EA100CBE668 /* Resources */,
			);
			buildRules = (
			);
			dependencies = (
				FA8741242DBB2EA100CBE668 /* PBXTargetDependency */,
			);
			fileSystemSynchronizedGroups = (
				FA8741252DBB2EA100CBE668 /* Teddyfy_ShopTests */,
			);
			name = Teddyfy_ShopTests;
			packageProductDependencies = (
			);
			productName = Teddyfy_ShopTests;
			productReference = FA8741222DBB2EA100CBE668 /* Teddyfy_ShopTests.xctest */;
			productType = "com.apple.product-type.bundle.unit-test";
		};
		FA87412B2DBB2EA100CBE668 /* Teddyfy_ShopUITests */ = {
			isa = PBXNativeTarget;
			buildConfigurationList = FA87413C2DBB2EA100CBE668 /* Build configuration list for PBXNativeTarget "Teddyfy_ShopUITests" */;
			buildPhases = (
				FA8741282DBB2EA100CBE668 /* Sources */,
				FA8741292DBB2EA100CBE668 /* Frameworks */,
				FA87412A2DBB2EA100CBE668 /* Resources */,
			);
			buildRules = (
			);
			dependencies = (
				FA87412E2DBB2EA100CBE668 /* PBXTargetDependency */,
			);
			fileSystemSynchronizedGroups = (
				FA87412F2DBB2EA100CBE668 /* Teddyfy_ShopUITests */,
			);
			name = Teddyfy_ShopUITests;
			packageProductDependencies = (
			);
			productName = Teddyfy_ShopUITests;
			productReference = FA87412C2DBB2EA100CBE668 /* Teddyfy_ShopUITests.xctest */;
			productType = "com.apple.product-type.bundle.ui-testing";
		};
/* End PBXNativeTarget section */

/* Begin PBXProject section */
		FA87410A2DBB2E9E00CBE668 /* Project object */ = {
			isa = PBXProject;
			attributes = {
				BuildIndependentTargetsInParallel = 1;
				LastSwiftUpdateCheck = 1620;
				LastUpgradeCheck = 1620;
				TargetAttributes = {
					FA8741112DBB2E9E00CBE668 = {
						CreatedOnToolsVersion = 16.2;
					};
					FA8741212DBB2EA100CBE668 = {
						CreatedOnToolsVersion = 16.2;
						TestTargetID = FA8741112DBB2E9E00CBE668;
					};
					FA87412B2DBB2EA100CBE668 = {
						CreatedOnToolsVersion = 16.2;
						TestTargetID = FA8741112DBB2E9E00CBE668;
					};
				};
			};
			buildConfigurationList = FA87410D2DBB2E9E00CBE668 /* Build configuration list for PBXProject "Teddyfy_Shop" */;
			developmentRegion = en;
			hasScannedForEncodings = 0;
			knownRegions = (
				en,
				Base,
			);
			mainGroup = FA8741092DBB2E9E00CBE668;
			minimizedProjectReferenceProxies = 1;
			preferredProjectObjectVersion = 77;
			productRefGroup = FA8741132DBB2E9E00CBE668 /* Products */;
			projectDirPath = "";
			projectRoot = "";
			targets = (
				FA8741112DBB2E9E00CBE668 /* Teddyfy_Shop */,
				FA8741212DBB2EA100CBE668 /* Teddyfy_ShopTests */,
				FA87412B2DBB2EA100CBE668 /* Teddyfy_ShopUITests */,
			);
		};
/* End PBXProject section */

/* Begin PBXResourcesBuildPhase section */
		FA8741102DBB2E9E00CBE668 /* Resources */ = {
			isa = PBXResourcesBuildPhase;
			buildActionMask = 2147483647;
			files = (
			);
			runOnlyForDeploymentPostprocessing = 0;
		};
		FA8741202DBB2EA100CBE668 /* Resources */ = {
			isa = PBXResourcesBuildPhase;
			buildActionMask = 2147483647;
			files = (
			);
			runOnlyForDeploymentPostprocessing = 0;
		};
		FA87412A2DBB2EA100CBE668 /* Resources */ = {
			isa = PBXResourcesBuildPhase;
			buildActionMask = 2147483647;
			files = (
			);
			runOnlyForDeploymentPostprocessing = 0;
		};
/* End PBXResourcesBuildPhase section */

/* Begin PBXSourcesBuildPhase section */
		FA87410E2DBB2E9E00CBE668 /* Sources */ = {
			isa = PBXSourcesBuildPhase;
			buildActionMask = 2147483647;
			files = (
			);
			runOnlyForDeploymentPostprocessing = 0;
		};
		FA87411E2DBB2EA100CBE668 /* Sources */ = {
			isa = PBXSourcesBuildPhase;
			buildActionMask = 2147483647;
			files = (
			);
			runOnlyForDeploymentPostprocessing = 0;
		};
		FA8741282DBB2EA100CBE668 /* Sources */ = {
			isa = PBXSourcesBuildPhase;
			buildActionMask = 2147483647;
			files = (
			);
			runOnlyForDeploymentPostprocessing = 0;
		};
/* End PBXSourcesBuildPhase section */

/* Begin PBXTargetDependency section */
		FA8741242DBB2EA100CBE668 /* PBXTargetDependency */ = {
			isa = PBXTargetDependency;
			target = FA8741112DBB2E9E00CBE668 /* Teddyfy_Shop */;
			targetProxy = FA8741232DBB2EA100CBE668 /* PBXContainerItemProxy */;
		};
		FA87412E2DBB2EA100CBE668 /* PBXTargetDependency */ = {
			isa = PBXTargetDependency;
			target = FA8741112DBB2E9E00CBE668 /* Teddyfy_Shop */;
			targetProxy = FA87412D2DBB2EA100CBE668 /* PBXContainerItemProxy */;
		};
/* End PBXTargetDependency section */

/* Begin XCBuildConfiguration section */
		FA8741342DBB2EA100CBE668 /* Debug */ = {
			isa = XCBuildConfiguration;
			buildSettings = {
				ALWAYS_SEARCH_USER_PATHS = NO;
				ASSETCATALOG_COMPILER_GENERATE_SWIFT_ASSET_SYMBOL_EXTENSIONS = YES;
				CLANG_ANALYZER_NONNULL = YES;
				CLANG_ANALYZER_NUMBER_OBJECT_CONVERSION = YES_AGGRESSIVE;
				CLANG_CXX_LANGUAGE_STANDARD = "gnu++20";
				CLANG_ENABLE_MODULES = YES;
				CLANG_ENABLE_OBJC_ARC = YES;
				CLANG_ENABLE_OBJC_WEAK = YES;
				CLANG_WARN_BLOCK_CAPTURE_AUTORELEASING = YES;
				CLANG_WARN_BOOL_CONVERSION = YES;
				CLANG_WARN_COMMA = YES;
				CLANG_WARN_CONSTANT_CONVERSION = YES;
				CLANG_WARN_DEPRECATED_OBJC_IMPLEMENTATIONS = YES;
				CLANG_WARN_DIRECT_OBJC_ISA_USAGE = YES_ERROR;
				CLANG_WARN_DOCUMENTATION_COMMENTS = YES;
				CLANG_WARN_EMPTY_BODY = YES;
				CLANG_WARN_ENUM_CONVERSION = YES;
				CLANG_WARN_INFINITE_RECURSION = YES;
				CLANG_WARN_INT_CONVERSION = YES;
				CLANG_WARN_NON_LITERAL_NULL_CONVERSION = YES;
				CLANG_WARN_OBJC_IMPLICIT_RETAIN_SELF = YES;
				CLANG_WARN_OBJC_LITERAL_CONVERSION = YES;
				CLANG_WARN_OBJC_ROOT_CLASS = YES_ERROR;
				CLANG_WARN_QUOTED_INCLUDE_IN_FRAMEWORK_HEADER = YES;
				CLANG_WARN_RANGE_LOOP_ANALYSIS = YES;
				CLANG_WARN_STRICT_PROTOTYPES = YES;
				CLANG_WARN_SUSPICIOUS_MOVE = YES;
				CLANG_WARN_UNGUARDED_AVAILABILITY = YES_AGGRESSIVE;
				CLANG_WARN_UNREACHABLE_CODE = YES;
				CLANG_WARN__DUPLICATE_METHOD_MATCH = YES;
				COPY_PHASE_STRIP = NO;
				DEBUG_INFORMATION_FORMAT = dwarf;
				ENABLE_STRICT_OBJC_MSGSEND = YES;
				ENABLE_TESTABILITY = YES;
				ENABLE_USER_SCRIPT_SANDBOXING = YES;
				GCC_C_LANGUAGE_STANDARD = gnu17;
				GCC_DYNAMIC_NO_PIC = NO;
				GCC_NO_COMMON_BLOCKS = YES;
				GCC_OPTIMIZATION_LEVEL = 0;
				GCC_PREPROCESSOR_DEFINITIONS = (
					"DEBUG=1",
					"$(inherited)",
				);
				GCC_WARN_64_TO_32_BIT_CONVERSION = YES;
				GCC_WARN_ABOUT_RETURN_TYPE = YES_ERROR;
				GCC_WARN_UNDECLARED_SELECTOR = YES;
				GCC_WARN_UNINITIALIZED_AUTOS = YES_AGGRESSIVE;
				GCC_WARN_UNUSED_FUNCTION = YES;
				GCC_WARN_UNUSED_VARIABLE = YES;
				IPHONEOS_DEPLOYMENT_TARGET = 18.2;
				LOCALIZATION_PREFERS_STRING_CATALOGS = YES;
				MTL_ENABLE_DEBUG_INFO = INCLUDE_SOURCE;
				MTL_FAST_MATH = YES;
				ONLY_ACTIVE_ARCH = YES;
				SDKROOT = iphoneos;
				SWIFT_ACTIVE_COMPILATION_CONDITIONS = "DEBUG $(inherited)";
				SWIFT_OPTIMIZATION_LEVEL = "-Onone";
			};
			name = Debug;
		};
		FA8741352DBB2EA100CBE668 /* Release */ = {
			isa = XCBuildConfiguration;
			buildSettings = {
				ALWAYS_SEARCH_USER_PATHS = NO;
				ASSETCATALOG_COMPILER_GENERATE_SWIFT_ASSET_SYMBOL_EXTENSIONS = YES;
				CLANG_ANALYZER_NONNULL = YES;
				CLANG_ANALYZER_NUMBER_OBJECT_CONVERSION = YES_AGGRESSIVE;
				CLANG_CXX_LANGUAGE_STANDARD = "gnu++20";
				CLANG_ENABLE_MODULES = YES;
				CLANG_ENABLE_OBJC_ARC = YES;
				CLANG_ENABLE_OBJC_WEAK = YES;
				CLANG_WARN_BLOCK_CAPTURE_AUTORELEASING = YES;
				CLANG_WARN_BOOL_CONVERSION = YES;
				CLANG_WARN_COMMA = YES;
				CLANG_WARN_CONSTANT_CONVERSION = YES;
				CLANG_WARN_DEPRECATED_OBJC_IMPLEMENTATIONS = YES;
				CLANG_WARN_DIRECT_OBJC_ISA_USAGE = YES_ERROR;
				CLANG_WARN_DOCUMENTATION_COMMENTS = YES;
				CLANG_WARN_EMPTY_BODY = YES;
				CLANG_WARN_ENUM_CONVERSION = YES;
				CLANG_WARN_INFINITE_RECURSION = YES;
				CLANG_WARN_INT_CONVERSION = YES;
				CLANG_WARN_NON_LITERAL_NULL_CONVERSION = YES;
				CLANG_WARN_OBJC_IMPLICIT_RETAIN_SELF = YES;
				CLANG_WARN_OBJC_LITERAL_CONVERSION = YES;
				CLANG_WARN_OBJC_ROOT_CLASS = YES_ERROR;
				CLANG_WARN_QUOTED_INCLUDE_IN_FRAMEWORK_HEADER = YES;
				CLANG_WARN_RANGE_LOOP_ANALYSIS = YES;
				CLANG_WARN_STRICT_PROTOTYPES = YES;
				CLANG_WARN_SUSPICIOUS_MOVE = YES;
				CLANG_WARN_UNGUARDED_AVAILABILITY = YES_AGGRESSIVE;
				CLANG_WARN_UNREACHABLE_CODE = YES;
				CLANG_WARN__DUPLICATE_METHOD_MATCH = YES;
				COPY_PHASE_STRIP = NO;
				DEBUG_INFORMATION_FORMAT = "dwarf-with-dsym";
				ENABLE_NS_ASSERTIONS = NO;
				ENABLE_STRICT_OBJC_MSGSEND = YES;
				ENABLE_USER_SCRIPT_SANDBOXING = YES;
				GCC_C_LANGUAGE_STANDARD = gnu17;
				GCC_NO_COMMON_BLOCKS = YES;
				GCC_WARN_64_TO_32_BIT_CONVERSION = YES;
				GCC_WARN_ABOUT_RETURN_TYPE = YES_ERROR;
				GCC_WARN_UNDECLARED_SELECTOR = YES;
				GCC_WARN_UNINITIALIZED_AUTOS = YES_AGGRESSIVE;
				GCC_WARN_UNUSED_FUNCTION = YES;
				GCC_WARN_UNUSED_VARIABLE = YES;
				IPHONEOS_DEPLOYMENT_TARGET = 18.2;
				LOCALIZATION_PREFERS_STRING_CATALOGS = YES;
				MTL_ENABLE_DEBUG_INFO = NO;
				MTL_FAST_MATH = YES;
				SDKROOT = iphoneos;
				SWIFT_COMPILATION_MODE = wholemodule;
				VALIDATE_PRODUCT = YES;
			};
			name = Release;
		};
		FA8741372DBB2EA100CBE668 /* Debug */ = {
			isa = XCBuildConfiguration;
			buildSettings = {
				ASSETCATALOG_COMPILER_APPICON_NAME = AppIcon;
				ASSETCATALOG_COMPILER_GLOBAL_ACCENT_COLOR_NAME = AccentColor;
				CODE_SIGN_STYLE = Automatic;
				CURRENT_PROJECT_VERSION = 1;
				DEVELOPMENT_ASSET_PATHS = "\"Teddyfy_Shop/Preview Content\"";
				ENABLE_PREVIEWS = YES;
				GENERATE_INFOPLIST_FILE = YES;
				INFOPLIST_KEY_UIApplicationSceneManifest_Generation = YES;
				INFOPLIST_KEY_UIApplicationSupportsIndirectInputEvents = YES;
				INFOPLIST_KEY_UILaunchScreen_Generation = YES;
				INFOPLIST_KEY_UISupportedInterfaceOrientations_iPad = "UIInterfaceOrientationPortrait UIInterfaceOrientationPortraitUpsideDown UIInterfaceOrientationLandscapeLeft UIInterfaceOrientationLandscapeRight";
				INFOPLIST_KEY_UISupportedInterfaceOrientations_iPhone = "UIInterfaceOrientationPortrait UIInterfaceOrientationLandscapeLeft UIInterfaceOrientationLandscapeRight";
				LD_RUNPATH_SEARCH_PATHS = (
					"$(inherited)",
					"@executable_path/Frameworks",
				);
				MARKETING_VERSION = 1.0;
				PRODUCT_BUNDLE_IDENTIFIER = "com.sasl.Teddyfy-Shop";
				PRODUCT_NAME = "$(TARGET_NAME)";
				SWIFT_EMIT_LOC_STRINGS = YES;
				SWIFT_VERSION = 5.0;
				TARGETED_DEVICE_FAMILY = "1,2";
			};
			name = Debug;
		};
		FA8741382DBB2EA100CBE668 /* Release */ = {
			isa = XCBuildConfiguration;
			buildSettings = {
				ASSETCATALOG_COMPILER_APPICON_NAME = AppIcon;
				ASSETCATALOG_COMPILER_GLOBAL_ACCENT_COLOR_NAME = AccentColor;
				CODE_SIGN_STYLE = Automatic;
				CURRENT_PROJECT_VERSION = 1;
				DEVELOPMENT_ASSET_PATHS = "\"Teddyfy_Shop/Preview Content\"";
				ENABLE_PREVIEWS = YES;
				GENERATE_INFOPLIST_FILE = YES;
				INFOPLIST_KEY_UIApplicationSceneManifest_Generation = YES;
				INFOPLIST_KEY_UIApplicationSupportsIndirectInputEvents = YES;
				INFOPLIST_KEY_UILaunchScreen_Generation = YES;
				INFOPLIST_KEY_UISupportedInterfaceOrientations_iPad = "UIInterfaceOrientationPortrait UIInterfaceOrientationPortraitUpsideDown UIInterfaceOrientationLandscapeLeft UIInterfaceOrientationLandscapeRight";
				INFOPLIST_KEY_UISupportedInterfaceOrientations_iPhone = "UIInterfaceOrientationPortrait UIInterfaceOrientationLandscapeLeft UIInterfaceOrientationLandscapeRight";
				LD_RUNPATH_SEARCH_PATHS = (
					"$(inherited)",
					"@executable_path/Frameworks",
				);
				MARKETING_VERSION = 1.0;
				PRODUCT_BUNDLE_IDENTIFIER = "com.sasl.Teddyfy-Shop";
				PRODUCT_NAME = "$(TARGET_NAME)";
				SWIFT_EMIT_LOC_STRINGS = YES;
				SWIFT_VERSION = 5.0;
				TARGETED_DEVICE_FAMILY = "1,2";
			};
			name = Release;
		};
		FA87413A2DBB2EA100CBE668 /* Debug */ = {
			isa = XCBuildConfiguration;
			buildSettings = {
				BUNDLE_LOADER = "$(TEST_HOST)";
				CODE_SIGN_STYLE = Automatic;
				CURRENT_PROJECT_VERSION = 1;
				GENERATE_INFOPLIST_FILE = YES;
				IPHONEOS_DEPLOYMENT_TARGET = 18.2;
				MARKETING_VERSION = 1.0;
				PRODUCT_BUNDLE_IDENTIFIER = "com.sasl.Teddyfy-ShopTests";
				PRODUCT_NAME = "$(TARGET_NAME)";
				SWIFT_EMIT_LOC_STRINGS = NO;
				SWIFT_VERSION = 5.0;
				TARGETED_DEVICE_FAMILY = "1,2";
				TEST_HOST = "$(BUILT_PRODUCTS_DIR)/Teddyfy_Shop.app/$(BUNDLE_EXECUTABLE_FOLDER_PATH)/Teddyfy_Shop";
			};
			name = Debug;
		};
		FA87413B2DBB2EA100CBE668 /* Release */ = {
			isa = XCBuildConfiguration;
			buildSettings = {
				BUNDLE_LOADER = "$(TEST_HOST)";
				CODE_SIGN_STYLE = Automatic;
				CURRENT_PROJECT_VERSION = 1;
				GENERATE_INFOPLIST_FILE = YES;
				IPHONEOS_DEPLOYMENT_TARGET = 18.2;
				MARKETING_VERSION = 1.0;
				PRODUCT_BUNDLE_IDENTIFIER = "com.sasl.Teddyfy-ShopTests";
				PRODUCT_NAME = "$(TARGET_NAME)";
				SWIFT_EMIT_LOC_STRINGS = NO;
				SWIFT_VERSION = 5.0;
				TARGETED_DEVICE_FAMILY = "1,2";
				TEST_HOST = "$(BUILT_PRODUCTS_DIR)/Teddyfy_Shop.app/$(BUNDLE_EXECUTABLE_FOLDER_PATH)/Teddyfy_Shop";
			};
			name = Release;
		};
		FA87413D2DBB2EA100CBE668 /* Debug */ = {
			isa = XCBuildConfiguration;
			buildSettings = {
				CODE_SIGN_STYLE = Automatic;
				CURRENT_PROJECT_VERSION = 1;
				GENERATE_INFOPLIST_FILE = YES;
				MARKETING_VERSION = 1.0;
				PRODUCT_BUNDLE_IDENTIFIER = "com.sasl.Teddyfy-ShopUITests";
				PRODUCT_NAME = "$(TARGET_NAME)";
				SWIFT_EMIT_LOC_STRINGS = NO;
				SWIFT_VERSION = 5.0;
				TARGETED_DEVICE_FAMILY = "1,2";
				TEST_TARGET_NAME = Teddyfy_Shop;
			};
			name = Debug;
		};
		FA87413E2DBB2EA100CBE668 /* Release */ = {
			isa = XCBuildConfiguration;
			buildSettings = {
				CODE_SIGN_STYLE = Automatic;
				CURRENT_PROJECT_VERSION = 1;
				GENERATE_INFOPLIST_FILE = YES;
				MARKETING_VERSION = 1.0;
				PRODUCT_BUNDLE_IDENTIFIER = "com.sasl.Teddyfy-ShopUITests";
				PRODUCT_NAME = "$(TARGET_NAME)";
				SWIFT_EMIT_LOC_STRINGS = NO;
				SWIFT_VERSION = 5.0;
				TARGETED_DEVICE_FAMILY = "1,2";
				TEST_TARGET_NAME = Teddyfy_Shop;
			};
			name = Release;
		};
/* End XCBuildConfiguration section */

/* Begin XCConfigurationList section */
		FA87410D2DBB2E9E00CBE668 /* Build configuration list for PBXProject "Teddyfy_Shop" */ = {
			isa = XCConfigurationList;
			buildConfigurations = (
				FA8741342DBB2EA100CBE668 /* Debug */,
				FA8741352DBB2EA100CBE668 /* Release */,
			);
			defaultConfigurationIsVisible = 0;
			defaultConfigurationName = Release;
		};
		FA8741362DBB2EA100CBE668 /* Build configuration list for PBXNativeTarget "Teddyfy_Shop" */ = {
			isa = XCConfigurationList;
			buildConfigurations = (
				FA8741372DBB2EA100CBE668 /* Debug */,
				FA8741382DBB2EA100CBE668 /* Release */,
			);
			defaultConfigurationIsVisible = 0;
			defaultConfigurationName = Release;
		};
		FA8741392DBB2EA100CBE668 /* Build configuration list for PBXNativeTarget "Teddyfy_ShopTests" */ = {
			isa = XCConfigurationList;
			buildConfigurations = (
				FA87413A2DBB2EA100CBE668 /* Debug */,
				FA87413B2DBB2EA100CBE668 /* Release */,
			);
			defaultConfigurationIsVisible = 0;
			defaultConfigurationName = Release;
		};
		FA87413C2DBB2EA100CBE668 /* Build configuration list for PBXNativeTarget "Teddyfy_ShopUITests" */ = {
			isa = XCConfigurationList;
			buildConfigurations = (
				FA87413D2DBB2EA100CBE668 /* Debug */,
				FA87413E2DBB2EA100CBE668 /* Release */,
			);
			defaultConfigurationIsVisible = 0;
			defaultConfigurationName = Release;
		};
/* End XCConfigurationList section */
	};
	rootObject = FA87410A2DBB2E9E00CBE668 /* Project object */;
}
